// !$*UTF8*$!
{
	archiveVersion = 1;
	classes = {
	};
	objectVersion = 55;
	objects = {

/* Begin PBXBuildFile section */
		22E9C58E2756DF7A000041BE /* AppDelegate.swift in Sources */ = {isa = PBXBuildFile; fileRef = 22E9C58D2756DF7A000041BE /* AppDelegate.swift */; };
		22E9C5902756DF7A000041BE /* SceneDelegate.swift in Sources */ = {isa = PBXBuildFile; fileRef = 22E9C58F2756DF7A000041BE /* SceneDelegate.swift */; };
		22E9C5922756DF7A000041BE /* ViewController.swift in Sources */ = {isa = PBXBuildFile; fileRef = 22E9C5912756DF7A000041BE /* ViewController.swift */; };
		22E9C5952756DF7A000041BE /* Main.storyboard in Resources */ = {isa = PBXBuildFile; fileRef = 22E9C5932756DF7A000041BE /* Main.storyboard */; };
		22E9C5972756DF7C000041BE /* Assets.xcassets in Resources */ = {isa = PBXBuildFile; fileRef = 22E9C5962756DF7C000041BE /* Assets.xcassets */; };
		22E9C59A2756DF7C000041BE /* LaunchScreen.storyboard in Resources */ = {isa = PBXBuildFile; fileRef = 22E9C5982756DF7C000041BE /* LaunchScreen.storyboard */; };
		22E9C5A52756DF7D000041BE /* Lab_ScannerTests.swift in Sources */ = {isa = PBXBuildFile; fileRef = 22E9C5A42756DF7D000041BE /* Lab_ScannerTests.swift */; };
		22E9C5AF2756DF7D000041BE /* Lab_ScannerUITests.swift in Sources */ = {isa = PBXBuildFile; fileRef = 22E9C5AE2756DF7D000041BE /* Lab_ScannerUITests.swift */; };
		22E9C5B12756DF7D000041BE /* Lab_ScannerUITestsLaunchTests.swift in Sources */ = {isa = PBXBuildFile; fileRef = 22E9C5B02756DF7D000041BE /* Lab_ScannerUITestsLaunchTests.swift */; };
/* End PBXBuildFile section */

/* Begin PBXContainerItemProxy section */
		22E9C5A12756DF7D000041BE /* PBXContainerItemProxy */ = {
			isa = PBXContainerItemProxy;
			containerPortal = 22E9C5822756DF79000041BE /* Project object */;
			proxyType = 1;
			remoteGlobalIDString = 22E9C5892756DF79000041BE;
			remoteInfo = "Lab Scanner";
		};
		22E9C5AB2756DF7D000041BE /* PBXContainerItemProxy */ = {
			isa = PBXContainerItemProxy;
			containerPortal = 22E9C5822756DF79000041BE /* Project object */;
			proxyType = 1;
			remoteGlobalIDString = 22E9C5892756DF79000041BE;
			remoteInfo = "Lab Scanner";
		};
/* End PBXContainerItemProxy section */

/* Begin PBXFileReference section */
		22E9C58A2756DF79000041BE /* Lab Scanner.app */ = {isa = PBXFileReference; explicitFileType = wrapper.application; includeInIndex = 0; path = "Lab Scanner.app"; sourceTree = BUILT_PRODUCTS_DIR; };
		22E9C58D2756DF7A000041BE /* AppDelegate.swift */ = {isa = PBXFileReference; lastKnownFileType = sourcecode.swift; path = AppDelegate.swift; sourceTree = "<group>"; };
		22E9C58F2756DF7A000041BE /* SceneDelegate.swift */ = {isa = PBXFileReference; lastKnownFileType = sourcecode.swift; path = SceneDelegate.swift; sourceTree = "<group>"; };
		22E9C5912756DF7A000041BE /* ViewController.swift */ = {isa = PBXFileReference; lastKnownFileType = sourcecode.swift; path = ViewController.swift; sourceTree = "<group>"; };
		22E9C5942756DF7A000041BE /* Base */ = {isa = PBXFileReference; lastKnownFileType = file.storyboard; name = Base; path = Base.lproj/Main.storyboard; sourceTree = "<group>"; };
		22E9C5962756DF7C000041BE /* Assets.xcassets */ = {isa = PBXFileReference; lastKnownFileType = folder.assetcatalog; path = Assets.xcassets; sourceTree = "<group>"; };
		22E9C5992756DF7C000041BE /* Base */ = {isa = PBXFileReference; lastKnownFileType = file.storyboard; name = Base; path = Base.lproj/LaunchScreen.storyboard; sourceTree = "<group>"; };
		22E9C59B2756DF7C000041BE /* Info.plist */ = {isa = PBXFileReference; lastKnownFileType = text.plist.xml; path = Info.plist; sourceTree = "<group>"; };
		22E9C5A02756DF7D000041BE /* Lab ScannerTests.xctest */ = {isa = PBXFileReference; explicitFileType = wrapper.cfbundle; includeInIndex = 0; path = "Lab ScannerTests.xctest"; sourceTree = BUILT_PRODUCTS_DIR; };
		22E9C5A42756DF7D000041BE /* Lab_ScannerTests.swift */ = {isa = PBXFileReference; lastKnownFileType = sourcecode.swift; path = Lab_ScannerTests.swift; sourceTree = "<group>"; };
		22E9C5AA2756DF7D000041BE /* Lab ScannerUITests.xctest */ = {isa = PBXFileReference; explicitFileType = wrapper.cfbundle; includeInIndex = 0; path = "Lab ScannerUITests.xctest"; sourceTree = BUILT_PRODUCTS_DIR; };
		22E9C5AE2756DF7D000041BE /* Lab_ScannerUITests.swift */ = {isa = PBXFileReference; lastKnownFileType = sourcecode.swift; path = Lab_ScannerUITests.swift; sourceTree = "<group>"; };
		22E9C5B02756DF7D000041BE /* Lab_ScannerUITestsLaunchTests.swift */ = {isa = PBXFileReference; lastKnownFileType = sourcecode.swift; path = Lab_ScannerUITestsLaunchTests.swift; sourceTree = "<group>"; };
/* End PBXFileReference section */

/* Begin PBXFrameworksBuildPhase section */
		22E9C5872756DF79000041BE /* Frameworks */ = {
			isa = PBXFrameworksBuildPhase;
			buildActionMask = 2147483647;
			files = (
			);
			runOnlyForDeploymentPostprocessing = 0;
		};
		22E9C59D2756DF7D000041BE /* Frameworks */ = {
			isa = PBXFrameworksBuildPhase;
			buildActionMask = 2147483647;
			files = (
			);
			runOnlyForDeploymentPostprocessing = 0;
		};
		22E9C5A72756DF7D000041BE /* Frameworks */ = {
			isa = PBXFrameworksBuildPhase;
			buildActionMask = 2147483647;
			files = (
			);
			runOnlyForDeploymentPostprocessing = 0;
		};
/* End PBXFrameworksBuildPhase section */

/* Begin PBXGroup section */
		22E9C5812756DF79000041BE = {
			isa = PBXGroup;
			children = (
				22E9C58C2756DF79000041BE /* Lab Scanner */,
				22E9C5A32756DF7D000041BE /* Lab ScannerTests */,
				22E9C5AD2756DF7D000041BE /* Lab ScannerUITests */,
				22E9C58B2756DF79000041BE /* Products */,
			);
			sourceTree = "<group>";
		};
		22E9C58B2756DF79000041BE /* Products */ = {
			isa = PBXGroup;
			children = (
				22E9C58A2756DF79000041BE /* Lab Scanner.app */,
				22E9C5A02756DF7D000041BE /* Lab ScannerTests.xctest */,
				22E9C5AA2756DF7D000041BE /* Lab ScannerUITests.xctest */,
			);
			name = Products;
			sourceTree = "<group>";
		};
		22E9C58C2756DF79000041BE /* Lab Scanner */ = {
			isa = PBXGroup;
			children = (
				22E9C58D2756DF7A000041BE /* AppDelegate.swift */,
				22E9C58F2756DF7A000041BE /* SceneDelegate.swift */,
				22E9C5912756DF7A000041BE /* ViewController.swift */,
				22E9C5932756DF7A000041BE /* Main.storyboard */,
				22E9C5962756DF7C000041BE /* Assets.xcassets */,
				22E9C5982756DF7C000041BE /* LaunchScreen.storyboard */,
				22E9C59B2756DF7C000041BE /* Info.plist */,
			);
			path = "Lab Scanner";
			sourceTree = "<group>";
		};
		22E9C5A32756DF7D000041BE /* Lab ScannerTests */ = {
			isa = PBXGroup;
			children = (
				22E9C5A42756DF7D000041BE /* Lab_ScannerTests.swift */,
			);
			path = "Lab ScannerTests";
			sourceTree = "<group>";
		};
		22E9C5AD2756DF7D000041BE /* Lab ScannerUITests */ = {
			isa = PBXGroup;
			children = (
				22E9C5AE2756DF7D000041BE /* Lab_ScannerUITests.swift */,
				22E9C5B02756DF7D000041BE /* Lab_ScannerUITestsLaunchTests.swift */,
			);
			path = "Lab ScannerUITests";
			sourceTree = "<group>";
		};
/* End PBXGroup section */

/* Begin PBXNativeTarget section */
		22E9C5892756DF79000041BE /* Lab Scanner */ = {
			isa = PBXNativeTarget;
			buildConfigurationList = 22E9C5B42756DF7D000041BE /* Build configuration list for PBXNativeTarget "Lab Scanner" */;
			buildPhases = (
				22E9C5862756DF79000041BE /* Sources */,
				22E9C5872756DF79000041BE /* Frameworks */,
				22E9C5882756DF79000041BE /* Resources */,
			);
			buildRules = (
			);
			dependencies = (
			);
			name = "Lab Scanner";
			productName = "Lab Scanner";
			productReference = 22E9C58A2756DF79000041BE /* Lab Scanner.app */;
			productType = "com.apple.product-type.application";
		};
		22E9C59F2756DF7D000041BE /* Lab ScannerTests */ = {
			isa = PBXNativeTarget;
			buildConfigurationList = 22E9C5B72756DF7D000041BE /* Build configuration list for PBXNativeTarget "Lab ScannerTests" */;
			buildPhases = (
				22E9C59C2756DF7D000041BE /* Sources */,
				22E9C59D2756DF7D000041BE /* Frameworks */,
				22E9C59E2756DF7D000041BE /* Resources */,
			);
			buildRules = (
			);
			dependencies = (
				22E9C5A22756DF7D000041BE /* PBXTargetDependency */,
			);
			name = "Lab ScannerTests";
			productName = "Lab ScannerTests";
			productReference = 22E9C5A02756DF7D000041BE /* Lab ScannerTests.xctest */;
			productType = "com.apple.product-type.bundle.unit-test";
		};
		22E9C5A92756DF7D000041BE /* Lab ScannerUITests */ = {
			isa = PBXNativeTarget;
			buildConfigurationList = 22E9C5BA2756DF7D000041BE /* Build configuration list for PBXNativeTarget "Lab ScannerUITests" */;
			buildPhases = (
				22E9C5A62756DF7D000041BE /* Sources */,
				22E9C5A72756DF7D000041BE /* Frameworks */,
				22E9C5A82756DF7D000041BE /* Resources */,
			);
			buildRules = (
			);
			dependencies = (
				22E9C5AC2756DF7D000041BE /* PBXTargetDependency */,
			);
			name = "Lab ScannerUITests";
			productName = "Lab ScannerUITests";
			productReference = 22E9C5AA2756DF7D000041BE /* Lab ScannerUITests.xctest */;
			productType = "com.apple.product-type.bundle.ui-testing";
		};
/* End PBXNativeTarget section */

/* Begin PBXProject section */
		22E9C5822756DF79000041BE /* Project object */ = {
			isa = PBXProject;
			attributes = {
				BuildIndependentTargetsInParallel = 1;
				LastSwiftUpdateCheck = 1310;
				LastUpgradeCheck = 1310;
				TargetAttributes = {
					22E9C5892756DF79000041BE = {
						CreatedOnToolsVersion = 13.1;
					};
					22E9C59F2756DF7D000041BE = {
						CreatedOnToolsVersion = 13.1;
						TestTargetID = 22E9C5892756DF79000041BE;
					};
					22E9C5A92756DF7D000041BE = {
						CreatedOnToolsVersion = 13.1;
						TestTargetID = 22E9C5892756DF79000041BE;
					};
				};
			};
			buildConfigurationList = 22E9C5852756DF79000041BE /* Build configuration list for PBXProject "Lab Scanner" */;
			compatibilityVersion = "Xcode 13.0";
			developmentRegion = en;
			hasScannedForEncodings = 0;
			knownRegions = (
				en,
				Base,
			);
			mainGroup = 22E9C5812756DF79000041BE;
			productRefGroup = 22E9C58B2756DF79000041BE /* Products */;
			projectDirPath = "";
			projectRoot = "";
			targets = (
				22E9C5892756DF79000041BE /* Lab Scanner */,
				22E9C59F2756DF7D000041BE /* Lab ScannerTests */,
				22E9C5A92756DF7D000041BE /* Lab ScannerUITests */,
			);
		};
/* End PBXProject section */

/* Begin PBXResourcesBuildPhase section */
		22E9C5882756DF79000041BE /* Resources */ = {
			isa = PBXResourcesBuildPhase;
			buildActionMask = 2147483647;
			files = (
				22E9C59A2756DF7C000041BE /* LaunchScreen.storyboard in Resources */,
				22E9C5972756DF7C000041BE /* Assets.xcassets in Resources */,
				22E9C5952756DF7A000041BE /* Main.storyboard in Resources */,
			);
			runOnlyForDeploymentPostprocessing = 0;
		};
		22E9C59E2756DF7D000041BE /* Resources */ = {
			isa = PBXResourcesBuildPhase;
			buildActionMask = 2147483647;
			files = (
			);
			runOnlyForDeploymentPostprocessing = 0;
		};
		22E9C5A82756DF7D000041BE /* Resources */ = {
			isa = PBXResourcesBuildPhase;
			buildActionMask = 2147483647;
			files = (
			);
			runOnlyForDeploymentPostprocessing = 0;
		};
/* End PBXResourcesBuildPhase section */

/* Begin PBXSourcesBuildPhase section */
		22E9C5862756DF79000041BE /* Sources */ = {
			isa = PBXSourcesBuildPhase;
			buildActionMask = 2147483647;
			files = (
				22E9C5922756DF7A000041BE /* ViewController.swift in Sources */,
				22E9C58E2756DF7A000041BE /* AppDelegate.swift in Sources */,
				22E9C5902756DF7A000041BE /* SceneDelegate.swift in Sources */,
			);
			runOnlyForDeploymentPostprocessing = 0;
		};
		22E9C59C2756DF7D000041BE /* Sources */ = {
			isa = PBXSourcesBuildPhase;
			buildActionMask = 2147483647;
			files = (
				22E9C5A52756DF7D000041BE /* Lab_ScannerTests.swift in Sources */,
			);
			runOnlyForDeploymentPostprocessing = 0;
		};
		22E9C5A62756DF7D000041BE /* Sources */ = {
			isa = PBXSourcesBuildPhase;
			buildActionMask = 2147483647;
			files = (
				22E9C5AF2756DF7D000041BE /* Lab_ScannerUITests.swift in Sources */,
				22E9C5B12756DF7D000041BE /* Lab_ScannerUITestsLaunchTests.swift in Sources */,
			);
			runOnlyForDeploymentPostprocessing = 0;
		};
/* End PBXSourcesBuildPhase section */

/* Begin PBXTargetDependency section */
		22E9C5A22756DF7D000041BE /* PBXTargetDependency */ = {
			isa = PBXTargetDependency;
			target = 22E9C5892756DF79000041BE /* Lab Scanner */;
			targetProxy = 22E9C5A12756DF7D000041BE /* PBXContainerItemProxy */;
		};
		22E9C5AC2756DF7D000041BE /* PBXTargetDependency */ = {
			isa = PBXTargetDependency;
			target = 22E9C5892756DF79000041BE /* Lab Scanner */;
			targetProxy = 22E9C5AB2756DF7D000041BE /* PBXContainerItemProxy */;
		};
/* End PBXTargetDependency section */

/* Begin PBXVariantGroup section */
		22E9C5932756DF7A000041BE /* Main.storyboard */ = {
			isa = PBXVariantGroup;
			children = (
				22E9C5942756DF7A000041BE /* Base */,
			);
			name = Main.storyboard;
			sourceTree = "<group>";
		};
		22E9C5982756DF7C000041BE /* LaunchScreen.storyboard */ = {
			isa = PBXVariantGroup;
			children = (
				22E9C5992756DF7C000041BE /* Base */,
			);
			name = LaunchScreen.storyboard;
			sourceTree = "<group>";
		};
/* End PBXVariantGroup section */

/* Begin XCBuildConfiguration section */
		22E9C5B22756DF7D000041BE /* Debug */ = {
			isa = XCBuildConfiguration;
			buildSettings = {
				ALWAYS_SEARCH_USER_PATHS = NO;
				CLANG_ANALYZER_NONNULL = YES;
				CLANG_ANALYZER_NUMBER_OBJECT_CONVERSION = YES_AGGRESSIVE;
				CLANG_CXX_LANGUAGE_STANDARD = "gnu++17";
				CLANG_CXX_LIBRARY = "libc++";
				CLANG_ENABLE_MODULES = YES;
				CLANG_ENABLE_OBJC_ARC = YES;
				CLANG_ENABLE_OBJC_WEAK = YES;
				CLANG_WARN_BLOCK_CAPTURE_AUTORELEASING = YES;
				CLANG_WARN_BOOL_CONVERSION = YES;
				CLANG_WARN_COMMA = YES;
				CLANG_WARN_CONSTANT_CONVERSION = YES;
				CLANG_WARN_DEPRECATED_OBJC_IMPLEMENTATIONS = YES;
				CLANG_WARN_DIRECT_OBJC_ISA_USAGE = YES_ERROR;
				CLANG_WARN_DOCUMENTATION_COMMENTS = YES;
				CLANG_WARN_EMPTY_BODY = YES;
				CLANG_WARN_ENUM_CONVERSION = YES;
				CLANG_WARN_INFINITE_RECURSION = YES;
				CLANG_WARN_INT_CONVERSION = YES;
				CLANG_WARN_NON_LITERAL_NULL_CONVERSION = YES;
				CLANG_WARN_OBJC_IMPLICIT_RETAIN_SELF = YES;
				CLANG_WARN_OBJC_LITERAL_CONVERSION = YES;
				CLANG_WARN_OBJC_ROOT_CLASS = YES_ERROR;
				CLANG_WARN_QUOTED_INCLUDE_IN_FRAMEWORK_HEADER = YES;
				CLANG_WARN_RANGE_LOOP_ANALYSIS = YES;
				CLANG_WARN_STRICT_PROTOTYPES = YES;
				CLANG_WARN_SUSPICIOUS_MOVE = YES;
				CLANG_WARN_UNGUARDED_AVAILABILITY = YES_AGGRESSIVE;
				CLANG_WARN_UNREACHABLE_CODE = YES;
				CLANG_WARN__DUPLICATE_METHOD_MATCH = YES;
				COPY_PHASE_STRIP = NO;
				DEBUG_INFORMATION_FORMAT = dwarf;
				ENABLE_STRICT_OBJC_MSGSEND = YES;
				ENABLE_TESTABILITY = YES;
				GCC_C_LANGUAGE_STANDARD = gnu11;
				GCC_DYNAMIC_NO_PIC = NO;
				GCC_NO_COMMON_BLOCKS = YES;
				GCC_OPTIMIZATION_LEVEL = 0;
				GCC_PREPROCESSOR_DEFINITIONS = (
					"DEBUG=1",
					"$(inherited)",
				);
				GCC_WARN_64_TO_32_BIT_CONVERSION = YES;
				GCC_WARN_ABOUT_RETURN_TYPE = YES_ERROR;
				GCC_WARN_UNDECLARED_SELECTOR = YES;
				GCC_WARN_UNINITIALIZED_AUTOS = YES_AGGRESSIVE;
				GCC_WARN_UNUSED_FUNCTION = YES;
				GCC_WARN_UNUSED_VARIABLE = YES;
				IPHONEOS_DEPLOYMENT_TARGET = 15.0;
				MTL_ENABLE_DEBUG_INFO = INCLUDE_SOURCE;
				MTL_FAST_MATH = YES;
				ONLY_ACTIVE_ARCH = YES;
				SDKROOT = iphoneos;
				SWIFT_ACTIVE_COMPILATION_CONDITIONS = DEBUG;
				SWIFT_OPTIMIZATION_LEVEL = "-Onone";
			};
			name = Debug;
		};
		22E9C5B32756DF7D000041BE /* Release */ = {
			isa = XCBuildConfiguration;
			buildSettings = {
				ALWAYS_SEARCH_USER_PATHS = NO;
				CLANG_ANALYZER_NONNULL = YES;
				CLANG_ANALYZER_NUMBER_OBJECT_CONVERSION = YES_AGGRESSIVE;
				CLANG_CXX_LANGUAGE_STANDARD = "gnu++17";
				CLANG_CXX_LIBRARY = "libc++";
				CLANG_ENABLE_MODULES = YES;
				CLANG_ENABLE_OBJC_ARC = YES;
				CLANG_ENABLE_OBJC_WEAK = YES;
				CLANG_WARN_BLOCK_CAPTURE_AUTORELEASING = YES;
				CLANG_WARN_BOOL_CONVERSION = YES;
				CLANG_WARN_COMMA = YES;
				CLANG_WARN_CONSTANT_CONVERSION = YES;
				CLANG_WARN_DEPRECATED_OBJC_IMPLEMENTATIONS = YES;
				CLANG_WARN_DIRECT_OBJC_ISA_USAGE = YES_ERROR;
				CLANG_WARN_DOCUMENTATION_COMMENTS = YES;
				CLANG_WARN_EMPTY_BODY = YES;
				CLANG_WARN_ENUM_CONVERSION = YES;
				CLANG_WARN_INFINITE_RECURSION = YES;
				CLANG_WARN_INT_CONVERSION = YES;
				CLANG_WARN_NON_LITERAL_NULL_CONVERSION = YES;
				CLANG_WARN_OBJC_IMPLICIT_RETAIN_SELF = YES;
				CLANG_WARN_OBJC_LITERAL_CONVERSION = YES;
				CLANG_WARN_OBJC_ROOT_CLASS = YES_ERROR;
				CLANG_WARN_QUOTED_INCLUDE_IN_FRAMEWORK_HEADER = YES;
				CLANG_WARN_RANGE_LOOP_ANALYSIS = YES;
				CLANG_WARN_STRICT_PROTOTYPES = YES;
				CLANG_WARN_SUSPICIOUS_MOVE = YES;
				CLANG_WARN_UNGUARDED_AVAILABILITY = YES_AGGRESSIVE;
				CLANG_WARN_UNREACHABLE_CODE = YES;
				CLANG_WARN__DUPLICATE_METHOD_MATCH = YES;
				COPY_PHASE_STRIP = NO;
				DEBUG_INFORMATION_FORMAT = "dwarf-with-dsym";
				ENABLE_NS_ASSERTIONS = NO;
				ENABLE_STRICT_OBJC_MSGSEND = YES;
				GCC_C_LANGUAGE_STANDARD = gnu11;
				GCC_NO_COMMON_BLOCKS = YES;
				GCC_WARN_64_TO_32_BIT_CONVERSION = YES;
				GCC_WARN_ABOUT_RETURN_TYPE = YES_ERROR;
				GCC_WARN_UNDECLARED_SELECTOR = YES;
				GCC_WARN_UNINITIALIZED_AUTOS = YES_AGGRESSIVE;
				GCC_WARN_UNUSED_FUNCTION = YES;
				GCC_WARN_UNUSED_VARIABLE = YES;
				IPHONEOS_DEPLOYMENT_TARGET = 15.0;
				MTL_ENABLE_DEBUG_INFO = NO;
				MTL_FAST_MATH = YES;
				SDKROOT = iphoneos;
				SWIFT_COMPILATION_MODE = wholemodule;
				SWIFT_OPTIMIZATION_LEVEL = "-O";
				VALIDATE_PRODUCT = YES;
			};
			name = Release;
		};
		22E9C5B52756DF7D000041BE /* Debug */ = {
			isa = XCBuildConfiguration;
			buildSettings = {
				ASSETCATALOG_COMPILER_APPICON_NAME = AppIcon;
				ASSETCATALOG_COMPILER_GLOBAL_ACCENT_COLOR_NAME = AccentColor;
				CODE_SIGN_STYLE = Automatic;
				CURRENT_PROJECT_VERSION = 1;
				GENERATE_INFOPLIST_FILE = YES;
				INFOPLIST_FILE = "Lab Scanner/Info.plist";
				INFOPLIST_KEY_UIApplicationSupportsIndirectInputEvents = YES;
				INFOPLIST_KEY_UILaunchStoryboardName = LaunchScreen;
				INFOPLIST_KEY_UIMainStoryboardFile = Main;
				INFOPLIST_KEY_UISupportedInterfaceOrientations_iPad = "UIInterfaceOrientationPortrait UIInterfaceOrientationPortraitUpsideDown UIInterfaceOrientationLandscapeLeft UIInterfaceOrientationLandscapeRight";
				INFOPLIST_KEY_UISupportedInterfaceOrientations_iPhone = "UIInterfaceOrientationPortrait UIInterfaceOrientationLandscapeLeft UIInterfaceOrientationLandscapeRight";
				LD_RUNPATH_SEARCH_PATHS = (
					"$(inherited)",
					"@executable_path/Frameworks",
				);
				MARKETING_VERSION = 1.0;
				PRODUCT_BUNDLE_IDENTIFIER = "Harrison.Lab-Scanner";
				PRODUCT_NAME = "$(TARGET_NAME)";
				SWIFT_EMIT_LOC_STRINGS = YES;
				SWIFT_VERSION = 5.0;
				TARGETED_DEVICE_FAMILY = "1,2";
			};
			name = Debug;
		};
		22E9C5B62756DF7D000041BE /* Release */ = {
			isa = XCBuildConfiguration;
			buildSettings = {
				ASSETCATALOG_COMPILER_APPICON_NAME = AppIcon;
				ASSETCATALOG_COMPILER_GLOBAL_ACCENT_COLOR_NAME = AccentColor;
				CODE_SIGN_STYLE = Automatic;
				CURRENT_PROJECT_VERSION = 1;
				GENERATE_INFOPLIST_FILE = YES;
				INFOPLIST_FILE = "Lab Scanner/Info.plist";
				INFOPLIST_KEY_UIApplicationSupportsIndirectInputEvents = YES;
				INFOPLIST_KEY_UILaunchStoryboardName = LaunchScreen;
				INFOPLIST_KEY_UIMainStoryboardFile = Main;
				INFOPLIST_KEY_UISupportedInterfaceOrientations_iPad = "UIInterfaceOrientationPortrait UIInterfaceOrientationPortraitUpsideDown UIInterfaceOrientationLandscapeLeft UIInterfaceOrientationLandscapeRight";
				INFOPLIST_KEY_UISupportedInterfaceOrientations_iPhone = "UIInterfaceOrientationPortrait UIInterfaceOrientationLandscapeLeft UIInterfaceOrientationLandscapeRight";
				LD_RUNPATH_SEARCH_PATHS = (
					"$(inherited)",
					"@executable_path/Frameworks",
				);
				MARKETING_VERSION = 1.0;
				PRODUCT_BUNDLE_IDENTIFIER = "Harrison.Lab-Scanner";
				PRODUCT_NAME = "$(TARGET_NAME)";
				SWIFT_EMIT_LOC_STRINGS = YES;
				SWIFT_VERSION = 5.0;
				TARGETED_DEVICE_FAMILY = "1,2";
			};
			name = Release;
		};
		22E9C5B82756DF7D000041BE /* Debug */ = {
			isa = XCBuildConfiguration;
			buildSettings = {
				ALWAYS_EMBED_SWIFT_STANDARD_LIBRARIES = YES;
				BUNDLE_LOADER = "$(TEST_HOST)";
				CODE_SIGN_STYLE = Automatic;
				CURRENT_PROJECT_VERSION = 1;
				GENERATE_INFOPLIST_FILE = YES;
				IPHONEOS_DEPLOYMENT_TARGET = 15.0;
				LD_RUNPATH_SEARCH_PATHS = (
					"$(inherited)",
					"@executable_path/Frameworks",
					"@loader_path/Frameworks",
				);
				MARKETING_VERSION = 1.0;
				PRODUCT_BUNDLE_IDENTIFIER = "Harrison.Lab-ScannerTests";
				PRODUCT_NAME = "$(TARGET_NAME)";
				SWIFT_EMIT_LOC_STRINGS = NO;
				SWIFT_VERSION = 5.0;
				TARGETED_DEVICE_FAMILY = "1,2";
				TEST_HOST = "$(BUILT_PRODUCTS_DIR)/Lab Scanner.app/Lab Scanner";
			};
			name = Debug;
		};
		22E9C5B92756DF7D000041BE /* Release */ = {
			isa = XCBuildConfiguration;
			buildSettings = {
				ALWAYS_EMBED_SWIFT_STANDARD_LIBRARIES = YES;
				BUNDLE_LOADER = "$(TEST_HOST)";
				CODE_SIGN_STYLE = Automatic;
				CURRENT_PROJECT_VERSION = 1;
				GENERATE_INFOPLIST_FILE = YES;
				IPHONEOS_DEPLOYMENT_TARGET = 15.0;
				LD_RUNPATH_SEARCH_PATHS = (
					"$(inherited)",
					"@executable_path/Frameworks",
					"@loader_path/Frameworks",
				);
				MARKETING_VERSION = 1.0;
				PRODUCT_BUNDLE_IDENTIFIER = "Harrison.Lab-ScannerTests";
				PRODUCT_NAME = "$(TARGET_NAME)";
				SWIFT_EMIT_LOC_STRINGS = NO;
				SWIFT_VERSION = 5.0;
				TARGETED_DEVICE_FAMILY = "1,2";
				TEST_HOST = "$(BUILT_PRODUCTS_DIR)/Lab Scanner.app/Lab Scanner";
			};
			name = Release;
		};
		22E9C5BB2756DF7D000041BE /* Debug */ = {
			isa = XCBuildConfiguration;
			buildSettings = {
				ALWAYS_EMBED_SWIFT_STANDARD_LIBRARIES = YES;
				CODE_SIGN_STYLE = Automatic;
				CURRENT_PROJECT_VERSION = 1;
				GENERATE_INFOPLIST_FILE = YES;
				LD_RUNPATH_SEARCH_PATHS = (
					"$(inherited)",
					"@executable_path/Frameworks",
					"@loader_path/Frameworks",
				);
				MARKETING_VERSION = 1.0;
				PRODUCT_BUNDLE_IDENTIFIER = "Harrison.Lab-ScannerUITests";
				PRODUCT_NAME = "$(TARGET_NAME)";
				SWIFT_EMIT_LOC_STRINGS = NO;
				SWIFT_VERSION = 5.0;
				TARGETED_DEVICE_FAMILY = "1,2";
				TEST_TARGET_NAME = "Lab Scanner";
			};
			name = Debug;
		};
		22E9C5BC2756DF7D000041BE /* Release */ = {
			isa = XCBuildConfiguration;
			buildSettings = {
				ALWAYS_EMBED_SWIFT_STANDARD_LIBRARIES = YES;
				CODE_SIGN_STYLE = Automatic;
				CURRENT_PROJECT_VERSION = 1;
				GENERATE_INFOPLIST_FILE = YES;
				LD_RUNPATH_SEARCH_PATHS = (
					"$(inherited)",
					"@executable_path/Frameworks",
					"@loader_path/Frameworks",
				);
				MARKETING_VERSION = 1.0;
				PRODUCT_BUNDLE_IDENTIFIER = "Harrison.Lab-ScannerUITests";
				PRODUCT_NAME = "$(TARGET_NAME)";
				SWIFT_EMIT_LOC_STRINGS = NO;
				SWIFT_VERSION = 5.0;
				TARGETED_DEVICE_FAMILY = "1,2";
				TEST_TARGET_NAME = "Lab Scanner";
			};
			name = Release;
		};
/* End XCBuildConfiguration section */

/* Begin XCConfigurationList section */
		22E9C5852756DF79000041BE /* Build configuration list for PBXProject "Lab Scanner" */ = {
			isa = XCConfigurationList;
			buildConfigurations = (
				22E9C5B22756DF7D000041BE /* Debug */,
				22E9C5B32756DF7D000041BE /* Release */,
			);
			defaultConfigurationIsVisible = 0;
			defaultConfigurationName = Release;
		};
		22E9C5B42756DF7D000041BE /* Build configuration list for PBXNativeTarget "Lab Scanner" */ = {
			isa = XCConfigurationList;
			buildConfigurations = (
				22E9C5B52756DF7D000041BE /* Debug */,
				22E9C5B62756DF7D000041BE /* Release */,
			);
			defaultConfigurationIsVisible = 0;
			defaultConfigurationName = Release;
		};
		22E9C5B72756DF7D000041BE /* Build configuration list for PBXNativeTarget "Lab ScannerTests" */ = {
			isa = XCConfigurationList;
			buildConfigurations = (
				22E9C5B82756DF7D000041BE /* Debug */,
				22E9C5B92756DF7D000041BE /* Release */,
			);
			defaultConfigurationIsVisible = 0;
			defaultConfigurationName = Release;
		};
		22E9C5BA2756DF7D000041BE /* Build configuration list for PBXNativeTarget "Lab ScannerUITests" */ = {
			isa = XCConfigurationList;
			buildConfigurations = (
				22E9C5BB2756DF7D000041BE /* Debug */,
				22E9C5BC2756DF7D000041BE /* Release */,
			);
			defaultConfigurationIsVisible = 0;
			defaultConfigurationName = Release;
		};
/* End XCConfigurationList section */
	};
	rootObject = 22E9C5822756DF79000041BE /* Project object */;
}
